// !$*UTF8*$!
{
	archiveVersion = 1;
	classes = {
	};
	objectVersion = 50;
	objects = {

/* Begin PBXBuildFile section */
		040B069A226D9D100082BCD5 /* QPNetworkManager.m in Sources */ = {isa = PBXBuildFile; fileRef = 040B0699226D9D100082BCD5 /* QPNetworkManager.m */; };
		040C70EE22674F6A00613A33 /* SystemConfiguration.framework in Frameworks */ = {isa = PBXBuildFile; fileRef = 040C70ED22674F6A00613A33 /* SystemConfiguration.framework */; };
		04207F302275D17000B4DF4E /* QPRunInfoView.m in Sources */ = {isa = PBXBuildFile; fileRef = 04207F2F2275D17000B4DF4E /* QPRunInfoView.m */; };
		04207F322275D17E00B4DF4E /* QPRunInfoView.xib in Resources */ = {isa = PBXBuildFile; fileRef = 04207F312275D17E00B4DF4E /* QPRunInfoView.xib */; };
		043728B722699B6800892B38 /* QPAccount.m in Sources */ = {isa = PBXBuildFile; fileRef = 043728B622699B6800892B38 /* QPAccount.m */; };
		0440DE812275AE9A009BD3BE /* QPRunManager.m in Sources */ = {isa = PBXBuildFile; fileRef = 0440DE802275AE9A009BD3BE /* QPRunManager.m */; };
		0466B7D5226965C000094561 /* QPLoginViewController.m in Sources */ = {isa = PBXBuildFile; fileRef = 0466B7D3226965C000094561 /* QPLoginViewController.m */; };
		0466B7D6226965C000094561 /* QPLoginViewController.xib in Resources */ = {isa = PBXBuildFile; fileRef = 0466B7D4226965C000094561 /* QPLoginViewController.xib */; };
		046D5A8A226FFDB60096BB8E /* QPRoomView.m in Sources */ = {isa = PBXBuildFile; fileRef = 046D5A89226FFDB60096BB8E /* QPRoomView.m */; };
		046D5A8D226FFDD40096BB8E /* QPInputRoomIdView.m in Sources */ = {isa = PBXBuildFile; fileRef = 046D5A8C226FFDD40096BB8E /* QPInputRoomIdView.m */; };
		046D5A952270004A0096BB8E /* MQVerCodeInputView.m in Sources */ = {isa = PBXBuildFile; fileRef = 046D5A932270004A0096BB8E /* MQVerCodeInputView.m */; };
		046D5A962270004A0096BB8E /* UIView+MQ.m in Sources */ = {isa = PBXBuildFile; fileRef = 046D5A942270004A0096BB8E /* UIView+MQ.m */; };
		046D5A98227012F70096BB8E /* QPRoomView.xib in Resources */ = {isa = PBXBuildFile; fileRef = 046D5A97227012F70096BB8E /* QPRoomView.xib */; };
		046D5A9B227042620096BB8E /* QPRoomModel.m in Sources */ = {isa = PBXBuildFile; fileRef = 046D5A9A227042620096BB8E /* QPRoomModel.m */; };
		04A50DC8226827ED0089A064 /* QPMainViewController.m in Sources */ = {isa = PBXBuildFile; fileRef = 04A50DC7226827ED0089A064 /* QPMainViewController.m */; };
		04A50DD222684F9E0089A064 /* QPAuthoritySettingViewController.m in Sources */ = {isa = PBXBuildFile; fileRef = 04A50DD022684F9E0089A064 /* QPAuthoritySettingViewController.m */; };
		04A50DD322684F9E0089A064 /* QPAuthoritySettingViewController.xib in Resources */ = {isa = PBXBuildFile; fileRef = 04A50DD122684F9E0089A064 /* QPAuthoritySettingViewController.xib */; };
		04A50DEB226859B30089A064 /* QPHealthKitManager.m in Sources */ = {isa = PBXBuildFile; fileRef = 04A50DEA226859B30089A064 /* QPHealthKitManager.m */; };
		04A50DED22685E780089A064 /* TencentOpenAPI.framework in Frameworks */ = {isa = PBXBuildFile; fileRef = 04A50DEC22685E780089A064 /* TencentOpenAPI.framework */; };
		04A50DEF22686E420089A064 /* CoreMotion.framework in Frameworks */ = {isa = PBXBuildFile; fileRef = 04A50DEE22686E420089A064 /* CoreMotion.framework */; };
		04A50DF2226874880089A064 /* QPPedometerManager.m in Sources */ = {isa = PBXBuildFile; fileRef = 04A50DF1226874880089A064 /* QPPedometerManager.m */; };
		04A50DF4226883650089A064 /* CoreLocation.framework in Frameworks */ = {isa = PBXBuildFile; fileRef = 04A50DF3226883650089A064 /* CoreLocation.framework */; };
		04B0A50B22719F2300E2F240 /* UIViewController+AlertView.m in Sources */ = {isa = PBXBuildFile; fileRef = 04B0A50A22719F2300E2F240 /* UIViewController+AlertView.m */; };
		04B215C52272E54400AD3D23 /* QPRunViewController.m in Sources */ = {isa = PBXBuildFile; fileRef = 04B215C42272E54400AD3D23 /* QPRunViewController.m */; };
		04B215C82272FEC400AD3D23 /* QPPausableMovingAnnotation.m in Sources */ = {isa = PBXBuildFile; fileRef = 04B215C72272FEC400AD3D23 /* QPPausableMovingAnnotation.m */; };
		04B215CB2272FF0C00AD3D23 /* QPCustomMovingAnnotation.m in Sources */ = {isa = PBXBuildFile; fileRef = 04B215CA2272FF0C00AD3D23 /* QPCustomMovingAnnotation.m */; };
		04E066DC2269CCB9003C6D10 /* QPHomeViewController.m in Sources */ = {isa = PBXBuildFile; fileRef = 04E066DB2269CCB9003C6D10 /* QPHomeViewController.m */; };
		04E066E22269D508003C6D10 /* QPMapViewCell.m in Sources */ = {isa = PBXBuildFile; fileRef = 04E066E12269D508003C6D10 /* QPMapViewCell.m */; };
		04E066E62269DB40003C6D10 /* UIView+Frame.m in Sources */ = {isa = PBXBuildFile; fileRef = 04E066E52269DB40003C6D10 /* UIView+Frame.m */; };
		3090BE4B226B1D0800A6B8FC /* QPMapViewCellModel.m in Sources */ = {isa = PBXBuildFile; fileRef = 3090BE4A226B1D0800A6B8FC /* QPMapViewCellModel.m */; };
		3090BE4D226B22A700A6B8FC /* track.plist in Resources */ = {isa = PBXBuildFile; fileRef = 3090BE4C226B22A700A6B8FC /* track.plist */; };
		30CF0F7F226205F9000EF837 /* AppDelegate.m in Sources */ = {isa = PBXBuildFile; fileRef = 30CF0F7E226205F9000EF837 /* AppDelegate.m */; };
		30CF0F87226205FB000EF837 /* Assets.xcassets in Resources */ = {isa = PBXBuildFile; fileRef = 30CF0F86226205FB000EF837 /* Assets.xcassets */; };
		30CF0F8A226205FB000EF837 /* LaunchScreen.storyboard in Resources */ = {isa = PBXBuildFile; fileRef = 30CF0F88226205FB000EF837 /* LaunchScreen.storyboard */; };
		30CF0F8D226205FB000EF837 /* main.m in Sources */ = {isa = PBXBuildFile; fileRef = 30CF0F8C226205FB000EF837 /* main.m */; };
		30D55A03226CB01F0070CE01 /* QPSocketManager.m in Sources */ = {isa = PBXBuildFile; fileRef = 30D55A02226CB01F0070CE01 /* QPSocketManager.m */; };
		E125ADDF622106313975AF97 /* libPods-GraduationPJ.a in Frameworks */ = {isa = PBXBuildFile; fileRef = 9AA847C48C85EBD28AD3DA45 /* libPods-GraduationPJ.a */; };
/* End PBXBuildFile section */

/* Begin PBXFileReference section */
		040B0698226D9D100082BCD5 /* QPNetworkManager.h */ = {isa = PBXFileReference; lastKnownFileType = sourcecode.c.h; path = QPNetworkManager.h; sourceTree = "<group>"; };
		040B0699226D9D100082BCD5 /* QPNetworkManager.m */ = {isa = PBXFileReference; lastKnownFileType = sourcecode.c.objc; path = QPNetworkManager.m; sourceTree = "<group>"; };
		040C70ED22674F6A00613A33 /* SystemConfiguration.framework */ = {isa = PBXFileReference; lastKnownFileType = wrapper.framework; name = SystemConfiguration.framework; path = System/Library/Frameworks/SystemConfiguration.framework; sourceTree = SDKROOT; };
		04207F2E2275D17000B4DF4E /* QPRunInfoView.h */ = {isa = PBXFileReference; lastKnownFileType = sourcecode.c.h; path = QPRunInfoView.h; sourceTree = "<group>"; };
		04207F2F2275D17000B4DF4E /* QPRunInfoView.m */ = {isa = PBXFileReference; lastKnownFileType = sourcecode.c.objc; path = QPRunInfoView.m; sourceTree = "<group>"; };
		04207F312275D17E00B4DF4E /* QPRunInfoView.xib */ = {isa = PBXFileReference; lastKnownFileType = file.xib; path = QPRunInfoView.xib; sourceTree = "<group>"; };
		043728B522699B6800892B38 /* QPAccount.h */ = {isa = PBXFileReference; lastKnownFileType = sourcecode.c.h; path = QPAccount.h; sourceTree = "<group>"; };
		043728B622699B6800892B38 /* QPAccount.m */ = {isa = PBXFileReference; lastKnownFileType = sourcecode.c.objc; path = QPAccount.m; sourceTree = "<group>"; };
		0440DE7F2275AE9A009BD3BE /* QPRunManager.h */ = {isa = PBXFileReference; lastKnownFileType = sourcecode.c.h; path = QPRunManager.h; sourceTree = "<group>"; };
		0440DE802275AE9A009BD3BE /* QPRunManager.m */ = {isa = PBXFileReference; lastKnownFileType = sourcecode.c.objc; path = QPRunManager.m; sourceTree = "<group>"; };
		0466B7D2226965C000094561 /* QPLoginViewController.h */ = {isa = PBXFileReference; lastKnownFileType = sourcecode.c.h; path = QPLoginViewController.h; sourceTree = "<group>"; };
		0466B7D3226965C000094561 /* QPLoginViewController.m */ = {isa = PBXFileReference; lastKnownFileType = sourcecode.c.objc; path = QPLoginViewController.m; sourceTree = "<group>"; };
		0466B7D4226965C000094561 /* QPLoginViewController.xib */ = {isa = PBXFileReference; lastKnownFileType = file.xib; path = QPLoginViewController.xib; sourceTree = "<group>"; };
		046D5A88226FFDB60096BB8E /* QPRoomView.h */ = {isa = PBXFileReference; lastKnownFileType = sourcecode.c.h; path = QPRoomView.h; sourceTree = "<group>"; };
		046D5A89226FFDB60096BB8E /* QPRoomView.m */ = {isa = PBXFileReference; lastKnownFileType = sourcecode.c.objc; path = QPRoomView.m; sourceTree = "<group>"; };
		046D5A8B226FFDD40096BB8E /* QPInputRoomIdView.h */ = {isa = PBXFileReference; lastKnownFileType = sourcecode.c.h; path = QPInputRoomIdView.h; sourceTree = "<group>"; };
		046D5A8C226FFDD40096BB8E /* QPInputRoomIdView.m */ = {isa = PBXFileReference; lastKnownFileType = sourcecode.c.objc; path = QPInputRoomIdView.m; sourceTree = "<group>"; };
		046D5A912270004A0096BB8E /* MQVerCodeInputView.h */ = {isa = PBXFileReference; fileEncoding = 4; lastKnownFileType = sourcecode.c.h; path = MQVerCodeInputView.h; sourceTree = "<group>"; };
		046D5A922270004A0096BB8E /* UIView+MQ.h */ = {isa = PBXFileReference; fileEncoding = 4; lastKnownFileType = sourcecode.c.h; path = "UIView+MQ.h"; sourceTree = "<group>"; };
		046D5A932270004A0096BB8E /* MQVerCodeInputView.m */ = {isa = PBXFileReference; fileEncoding = 4; lastKnownFileType = sourcecode.c.objc; path = MQVerCodeInputView.m; sourceTree = "<group>"; };
		046D5A942270004A0096BB8E /* UIView+MQ.m */ = {isa = PBXFileReference; fileEncoding = 4; lastKnownFileType = sourcecode.c.objc; path = "UIView+MQ.m"; sourceTree = "<group>"; };
		046D5A97227012F70096BB8E /* QPRoomView.xib */ = {isa = PBXFileReference; lastKnownFileType = file.xib; path = QPRoomView.xib; sourceTree = "<group>"; };
		046D5A99227042620096BB8E /* QPRoomModel.h */ = {isa = PBXFileReference; lastKnownFileType = sourcecode.c.h; path = QPRoomModel.h; sourceTree = "<group>"; };
		046D5A9A227042620096BB8E /* QPRoomModel.m */ = {isa = PBXFileReference; lastKnownFileType = sourcecode.c.objc; path = QPRoomModel.m; sourceTree = "<group>"; };
		046D5AAE22705F4D0096BB8E /* QPMacro.h */ = {isa = PBXFileReference; lastKnownFileType = sourcecode.c.h; path = QPMacro.h; sourceTree = "<group>"; };
		04A50DC6226827ED0089A064 /* QPMainViewController.h */ = {isa = PBXFileReference; lastKnownFileType = sourcecode.c.h; path = QPMainViewController.h; sourceTree = "<group>"; };
		04A50DC7226827ED0089A064 /* QPMainViewController.m */ = {isa = PBXFileReference; lastKnownFileType = sourcecode.c.objc; path = QPMainViewController.m; sourceTree = "<group>"; };
		04A50DCF22684F9E0089A064 /* QPAuthoritySettingViewController.h */ = {isa = PBXFileReference; lastKnownFileType = sourcecode.c.h; path = QPAuthoritySettingViewController.h; sourceTree = "<group>"; };
		04A50DD022684F9E0089A064 /* QPAuthoritySettingViewController.m */ = {isa = PBXFileReference; lastKnownFileType = sourcecode.c.objc; path = QPAuthoritySettingViewController.m; sourceTree = "<group>"; };
		04A50DD122684F9E0089A064 /* QPAuthoritySettingViewController.xib */ = {isa = PBXFileReference; lastKnownFileType = file.xib; path = QPAuthoritySettingViewController.xib; sourceTree = "<group>"; };
		04A50DD6226853790089A064 /* GraduationPJ.entitlements */ = {isa = PBXFileReference; lastKnownFileType = text.plist.entitlements; path = GraduationPJ.entitlements; sourceTree = "<group>"; };
		04A50DE9226859B30089A064 /* QPHealthKitManager.h */ = {isa = PBXFileReference; lastKnownFileType = sourcecode.c.h; path = QPHealthKitManager.h; sourceTree = "<group>"; };
		04A50DEA226859B30089A064 /* QPHealthKitManager.m */ = {isa = PBXFileReference; lastKnownFileType = sourcecode.c.objc; path = QPHealthKitManager.m; sourceTree = "<group>"; };
		04A50DEC22685E780089A064 /* TencentOpenAPI.framework */ = {isa = PBXFileReference; lastKnownFileType = wrapper.framework; path = TencentOpenAPI.framework; sourceTree = "<group>"; };
		04A50DEE22686E420089A064 /* CoreMotion.framework */ = {isa = PBXFileReference; lastKnownFileType = wrapper.framework; name = CoreMotion.framework; path = System/Library/Frameworks/CoreMotion.framework; sourceTree = SDKROOT; };
		04A50DF0226874880089A064 /* QPPedometerManager.h */ = {isa = PBXFileReference; lastKnownFileType = sourcecode.c.h; path = QPPedometerManager.h; sourceTree = "<group>"; };
		04A50DF1226874880089A064 /* QPPedometerManager.m */ = {isa = PBXFileReference; lastKnownFileType = sourcecode.c.objc; path = QPPedometerManager.m; sourceTree = "<group>"; };
		04A50DF3226883650089A064 /* CoreLocation.framework */ = {isa = PBXFileReference; lastKnownFileType = wrapper.framework; name = CoreLocation.framework; path = System/Library/Frameworks/CoreLocation.framework; sourceTree = SDKROOT; };
		04B0A50922719F2300E2F240 /* UIViewController+AlertView.h */ = {isa = PBXFileReference; lastKnownFileType = sourcecode.c.h; path = "UIViewController+AlertView.h"; sourceTree = "<group>"; };
		04B0A50A22719F2300E2F240 /* UIViewController+AlertView.m */ = {isa = PBXFileReference; lastKnownFileType = sourcecode.c.objc; path = "UIViewController+AlertView.m"; sourceTree = "<group>"; };
		04B215C32272E54400AD3D23 /* QPRunViewController.h */ = {isa = PBXFileReference; lastKnownFileType = sourcecode.c.h; path = QPRunViewController.h; sourceTree = "<group>"; };
		04B215C42272E54400AD3D23 /* QPRunViewController.m */ = {isa = PBXFileReference; lastKnownFileType = sourcecode.c.objc; path = QPRunViewController.m; sourceTree = "<group>"; };
		04B215C62272FEC400AD3D23 /* QPPausableMovingAnnotation.h */ = {isa = PBXFileReference; lastKnownFileType = sourcecode.c.h; path = QPPausableMovingAnnotation.h; sourceTree = "<group>"; };
		04B215C72272FEC400AD3D23 /* QPPausableMovingAnnotation.m */ = {isa = PBXFileReference; lastKnownFileType = sourcecode.c.objc; path = QPPausableMovingAnnotation.m; sourceTree = "<group>"; };
		04B215C92272FF0C00AD3D23 /* QPCustomMovingAnnotation.h */ = {isa = PBXFileReference; lastKnownFileType = sourcecode.c.h; path = QPCustomMovingAnnotation.h; sourceTree = "<group>"; };
		04B215CA2272FF0C00AD3D23 /* QPCustomMovingAnnotation.m */ = {isa = PBXFileReference; lastKnownFileType = sourcecode.c.objc; path = QPCustomMovingAnnotation.m; sourceTree = "<group>"; };
		04E066DA2269CCB9003C6D10 /* QPHomeViewController.h */ = {isa = PBXFileReference; lastKnownFileType = sourcecode.c.h; path = QPHomeViewController.h; sourceTree = "<group>"; };
		04E066DB2269CCB9003C6D10 /* QPHomeViewController.m */ = {isa = PBXFileReference; lastKnownFileType = sourcecode.c.objc; path = QPHomeViewController.m; sourceTree = "<group>"; };
		04E066E02269D508003C6D10 /* QPMapViewCell.h */ = {isa = PBXFileReference; lastKnownFileType = sourcecode.c.h; path = QPMapViewCell.h; sourceTree = "<group>"; };
		04E066E12269D508003C6D10 /* QPMapViewCell.m */ = {isa = PBXFileReference; lastKnownFileType = sourcecode.c.objc; path = QPMapViewCell.m; sourceTree = "<group>"; };
		04E066E42269DB40003C6D10 /* UIView+Frame.h */ = {isa = PBXFileReference; lastKnownFileType = sourcecode.c.h; path = "UIView+Frame.h"; sourceTree = "<group>"; };
		04E066E52269DB40003C6D10 /* UIView+Frame.m */ = {isa = PBXFileReference; lastKnownFileType = sourcecode.c.objc; path = "UIView+Frame.m"; sourceTree = "<group>"; };
		04E066E72269DD14003C6D10 /* PrefixHeader.pch */ = {isa = PBXFileReference; lastKnownFileType = sourcecode.c.h; path = PrefixHeader.pch; sourceTree = "<group>"; };
		16FA8F86D48141B8901090EB /* Pods-GraduationPJ.release.xcconfig */ = {isa = PBXFileReference; includeInIndex = 1; lastKnownFileType = text.xcconfig; name = "Pods-GraduationPJ.release.xcconfig"; path = "Pods/Target Support Files/Pods-GraduationPJ/Pods-GraduationPJ.release.xcconfig"; sourceTree = "<group>"; };
		3090BE49226B1D0800A6B8FC /* QPMapViewCellModel.h */ = {isa = PBXFileReference; lastKnownFileType = sourcecode.c.h; path = QPMapViewCellModel.h; sourceTree = "<group>"; };
		3090BE4A226B1D0800A6B8FC /* QPMapViewCellModel.m */ = {isa = PBXFileReference; lastKnownFileType = sourcecode.c.objc; path = QPMapViewCellModel.m; sourceTree = "<group>"; };
		3090BE4C226B22A700A6B8FC /* track.plist */ = {isa = PBXFileReference; fileEncoding = 4; lastKnownFileType = text.plist.xml; path = track.plist; sourceTree = "<group>"; };
		30CF0F7A226205F9000EF837 /* GraduationPJ.app */ = {isa = PBXFileReference; explicitFileType = wrapper.application; includeInIndex = 0; path = GraduationPJ.app; sourceTree = BUILT_PRODUCTS_DIR; };
		30CF0F7D226205F9000EF837 /* AppDelegate.h */ = {isa = PBXFileReference; lastKnownFileType = sourcecode.c.h; path = AppDelegate.h; sourceTree = "<group>"; };
		30CF0F7E226205F9000EF837 /* AppDelegate.m */ = {isa = PBXFileReference; lastKnownFileType = sourcecode.c.objc; path = AppDelegate.m; sourceTree = "<group>"; };
		30CF0F86226205FB000EF837 /* Assets.xcassets */ = {isa = PBXFileReference; lastKnownFileType = folder.assetcatalog; path = Assets.xcassets; sourceTree = "<group>"; };
		30CF0F89226205FB000EF837 /* Base */ = {isa = PBXFileReference; lastKnownFileType = file.storyboard; name = Base; path = Base.lproj/LaunchScreen.storyboard; sourceTree = "<group>"; };
		30CF0F8B226205FB000EF837 /* Info.plist */ = {isa = PBXFileReference; lastKnownFileType = text.plist.xml; path = Info.plist; sourceTree = "<group>"; };
		30CF0F8C226205FB000EF837 /* main.m */ = {isa = PBXFileReference; lastKnownFileType = sourcecode.c.objc; path = main.m; sourceTree = "<group>"; };
		30D55A01226CB01F0070CE01 /* QPSocketManager.h */ = {isa = PBXFileReference; lastKnownFileType = sourcecode.c.h; path = QPSocketManager.h; sourceTree = "<group>"; };
		30D55A02226CB01F0070CE01 /* QPSocketManager.m */ = {isa = PBXFileReference; lastKnownFileType = sourcecode.c.objc; path = QPSocketManager.m; sourceTree = "<group>"; };
		9AA847C48C85EBD28AD3DA45 /* libPods-GraduationPJ.a */ = {isa = PBXFileReference; explicitFileType = archive.ar; includeInIndex = 0; path = "libPods-GraduationPJ.a"; sourceTree = BUILT_PRODUCTS_DIR; };
		BE3389279DB92CEE0AB001C1 /* Pods-GraduationPJ.debug.xcconfig */ = {isa = PBXFileReference; includeInIndex = 1; lastKnownFileType = text.xcconfig; name = "Pods-GraduationPJ.debug.xcconfig"; path = "Pods/Target Support Files/Pods-GraduationPJ/Pods-GraduationPJ.debug.xcconfig"; sourceTree = "<group>"; };
/* End PBXFileReference section */

/* Begin PBXFrameworksBuildPhase section */
		30CF0F77226205F9000EF837 /* Frameworks */ = {
			isa = PBXFrameworksBuildPhase;
			buildActionMask = 2147483647;
			files = (
				04A50DF4226883650089A064 /* CoreLocation.framework in Frameworks */,
				04A50DEF22686E420089A064 /* CoreMotion.framework in Frameworks */,
				040C70EE22674F6A00613A33 /* SystemConfiguration.framework in Frameworks */,
				04A50DED22685E780089A064 /* TencentOpenAPI.framework in Frameworks */,
				E125ADDF622106313975AF97 /* libPods-GraduationPJ.a in Frameworks */,
			);
			runOnlyForDeploymentPostprocessing = 0;
		};
/* End PBXFrameworksBuildPhase section */

/* Begin PBXGroup section */
		046D5A902270004A0096BB8E /* MQVerViewInputView */ = {
			isa = PBXGroup;
			children = (
				046D5A912270004A0096BB8E /* MQVerCodeInputView.h */,
				046D5A922270004A0096BB8E /* UIView+MQ.h */,
				046D5A932270004A0096BB8E /* MQVerCodeInputView.m */,
				046D5A942270004A0096BB8E /* UIView+MQ.m */,
			);
			path = MQVerViewInputView;
			sourceTree = "<group>";
		};
		04A50DA422681F080089A064 /* Home */ = {
			isa = PBXGroup;
			children = (
				3090BE48226B1CE100A6B8FC /* Model */,
				04E066DE2269D1FE003C6D10 /* View */,
				04E066DD2269D1E9003C6D10 /* Controller */,
			);
			path = Home;
			sourceTree = "<group>";
		};
		04A50DB722681FF30089A064 /* Features */ = {
			isa = PBXGroup;
			children = (
				04A50DB8226820AD0089A064 /* Base */,
				04A50DC0226822240089A064 /* Main */,
				04A50DA422681F080089A064 /* Home */,
				04A50DBA226820E80089A064 /* Community */,
				04A50DB9226820D20089A064 /* UserCenter */,
			);
			path = Features;
			sourceTree = "<group>";
		};
		04A50DB8226820AD0089A064 /* Base */ = {
			isa = PBXGroup;
			children = (
			);
			path = Base;
			sourceTree = "<group>";
		};
		04A50DB9226820D20089A064 /* UserCenter */ = {
			isa = PBXGroup;
			children = (
			);
			path = UserCenter;
			sourceTree = "<group>";
		};
		04A50DBA226820E80089A064 /* Community */ = {
			isa = PBXGroup;
			children = (
			);
			path = Community;
			sourceTree = "<group>";
		};
		04A50DBB2268211B0089A064 /* Vendors */ = {
			isa = PBXGroup;
			children = (
				04A50DEC22685E780089A064 /* TencentOpenAPI.framework */,
			);
			path = Vendors;
			sourceTree = "<group>";
		};
		04A50DBC226821420089A064 /* AppEntry */ = {
			isa = PBXGroup;
			children = (
				30CF0F7D226205F9000EF837 /* AppDelegate.h */,
				30CF0F7E226205F9000EF837 /* AppDelegate.m */,
				30CF0F88226205FB000EF837 /* LaunchScreen.storyboard */,
				30CF0F8B226205FB000EF837 /* Info.plist */,
				30CF0F8C226205FB000EF837 /* main.m */,
			);
			path = AppEntry;
			sourceTree = "<group>";
		};
		04A50DBD2268217A0089A064 /* Config */ = {
			isa = PBXGroup;
			children = (
				3090BE4C226B22A700A6B8FC /* track.plist */,
				04E066E72269DD14003C6D10 /* PrefixHeader.pch */,
				046D5AAE22705F4D0096BB8E /* QPMacro.h */,
			);
			path = Config;
			sourceTree = "<group>";
		};
		04A50DBE2268218A0089A064 /* Helpers */ = {
			isa = PBXGroup;
			children = (
				04A50DE9226859B30089A064 /* QPHealthKitManager.h */,
				04A50DEA226859B30089A064 /* QPHealthKitManager.m */,
				04A50DF0226874880089A064 /* QPPedometerManager.h */,
				04A50DF1226874880089A064 /* QPPedometerManager.m */,
				043728B522699B6800892B38 /* QPAccount.h */,
				043728B622699B6800892B38 /* QPAccount.m */,
				30D55A01226CB01F0070CE01 /* QPSocketManager.h */,
				30D55A02226CB01F0070CE01 /* QPSocketManager.m */,
				040B0698226D9D100082BCD5 /* QPNetworkManager.h */,
				040B0699226D9D100082BCD5 /* QPNetworkManager.m */,
				0440DE7F2275AE9A009BD3BE /* QPRunManager.h */,
				0440DE802275AE9A009BD3BE /* QPRunManager.m */,
			);
			path = Helpers;
			sourceTree = "<group>";
		};
		04A50DBF226821A10089A064 /* Categories */ = {
			isa = PBXGroup;
			children = (
				04E066E42269DB40003C6D10 /* UIView+Frame.h */,
				04E066E52269DB40003C6D10 /* UIView+Frame.m */,
				04B0A50922719F2300E2F240 /* UIViewController+AlertView.h */,
				04B0A50A22719F2300E2F240 /* UIViewController+AlertView.m */,
			);
			path = Categories;
			sourceTree = "<group>";
		};
		04A50DC0226822240089A064 /* Main */ = {
			isa = PBXGroup;
			children = (
				04A50DC6226827ED0089A064 /* QPMainViewController.h */,
				04A50DC7226827ED0089A064 /* QPMainViewController.m */,
				04A50DCF22684F9E0089A064 /* QPAuthoritySettingViewController.h */,
				04A50DD022684F9E0089A064 /* QPAuthoritySettingViewController.m */,
				04A50DD122684F9E0089A064 /* QPAuthoritySettingViewController.xib */,
				0466B7D2226965C000094561 /* QPLoginViewController.h */,
				0466B7D3226965C000094561 /* QPLoginViewController.m */,
				0466B7D4226965C000094561 /* QPLoginViewController.xib */,
			);
			path = Main;
			sourceTree = "<group>";
		};
		04E066DD2269D1E9003C6D10 /* Controller */ = {
			isa = PBXGroup;
			children = (
				04E066DA2269CCB9003C6D10 /* QPHomeViewController.h */,
				04E066DB2269CCB9003C6D10 /* QPHomeViewController.m */,
				04B215C32272E54400AD3D23 /* QPRunViewController.h */,
				04B215C42272E54400AD3D23 /* QPRunViewController.m */,
			);
			path = Controller;
			sourceTree = "<group>";
		};
		04E066DE2269D1FE003C6D10 /* View */ = {
			isa = PBXGroup;
			children = (
				04E066E02269D508003C6D10 /* QPMapViewCell.h */,
				04E066E12269D508003C6D10 /* QPMapViewCell.m */,
				046D5A88226FFDB60096BB8E /* QPRoomView.h */,
				046D5A89226FFDB60096BB8E /* QPRoomView.m */,
				046D5A97227012F70096BB8E /* QPRoomView.xib */,
				046D5A8B226FFDD40096BB8E /* QPInputRoomIdView.h */,
				046D5A8C226FFDD40096BB8E /* QPInputRoomIdView.m */,
				046D5A902270004A0096BB8E /* MQVerViewInputView */,
				04B215C62272FEC400AD3D23 /* QPPausableMovingAnnotation.h */,
				04B215C72272FEC400AD3D23 /* QPPausableMovingAnnotation.m */,
				04B215C92272FF0C00AD3D23 /* QPCustomMovingAnnotation.h */,
				04B215CA2272FF0C00AD3D23 /* QPCustomMovingAnnotation.m */,
				04207F2E2275D17000B4DF4E /* QPRunInfoView.h */,
				04207F2F2275D17000B4DF4E /* QPRunInfoView.m */,
				04207F312275D17E00B4DF4E /* QPRunInfoView.xib */,
			);
			path = View;
			sourceTree = "<group>";
		};
		2D579507F543549CC2E453E7 /* Frameworks */ = {
			isa = PBXGroup;
			children = (
				04A50DF3226883650089A064 /* CoreLocation.framework */,
				04A50DEE22686E420089A064 /* CoreMotion.framework */,
				040C70ED22674F6A00613A33 /* SystemConfiguration.framework */,
				9AA847C48C85EBD28AD3DA45 /* libPods-GraduationPJ.a */,
			);
			name = Frameworks;
			sourceTree = "<group>";
		};
		3090BE48226B1CE100A6B8FC /* Model */ = {
			isa = PBXGroup;
			children = (
				3090BE49226B1D0800A6B8FC /* QPMapViewCellModel.h */,
				3090BE4A226B1D0800A6B8FC /* QPMapViewCellModel.m */,
				046D5A99227042620096BB8E /* QPRoomModel.h */,
				046D5A9A227042620096BB8E /* QPRoomModel.m */,
			);
			path = Model;
			sourceTree = "<group>";
		};
		30CF0F71226205F9000EF837 = {
			isa = PBXGroup;
			children = (
				30CF0F7C226205F9000EF837 /* GraduationPJ */,
				30CF0F7B226205F9000EF837 /* Products */,
				78BDDF7BD8E0FAFCF1C914C5 /* Pods */,
				2D579507F543549CC2E453E7 /* Frameworks */,
			);
			sourceTree = "<group>";
		};
		30CF0F7B226205F9000EF837 /* Products */ = {
			isa = PBXGroup;
			children = (
				30CF0F7A226205F9000EF837 /* GraduationPJ.app */,
			);
			name = Products;
			sourceTree = "<group>";
		};
		30CF0F7C226205F9000EF837 /* GraduationPJ */ = {
			isa = PBXGroup;
			children = (
				04A50DD6226853790089A064 /* GraduationPJ.entitlements */,
				04A50DB722681FF30089A064 /* Features */,
				04A50DBF226821A10089A064 /* Categories */,
				04A50DBE2268218A0089A064 /* Helpers */,
				04A50DBB2268211B0089A064 /* Vendors */,
				04A50DBD2268217A0089A064 /* Config */,
				04A50DBC226821420089A064 /* AppEntry */,
				30CF0F86226205FB000EF837 /* Assets.xcassets */,
			);
			path = GraduationPJ;
			sourceTree = "<group>";
		};
		78BDDF7BD8E0FAFCF1C914C5 /* Pods */ = {
			isa = PBXGroup;
			children = (
				BE3389279DB92CEE0AB001C1 /* Pods-GraduationPJ.debug.xcconfig */,
				16FA8F86D48141B8901090EB /* Pods-GraduationPJ.release.xcconfig */,
			);
			name = Pods;
			sourceTree = "<group>";
		};
/* End PBXGroup section */

/* Begin PBXNativeTarget section */
		30CF0F79226205F9000EF837 /* GraduationPJ */ = {
			isa = PBXNativeTarget;
			buildConfigurationList = 30CF0F90226205FB000EF837 /* Build configuration list for PBXNativeTarget "GraduationPJ" */;
			buildPhases = (
				7D6C2CDCB622199C29D0A968 /* [CP] Check Pods Manifest.lock */,
				30CF0F76226205F9000EF837 /* Sources */,
				30CF0F77226205F9000EF837 /* Frameworks */,
				30CF0F78226205F9000EF837 /* Resources */,
				02FC2B83F1850AF5BD4DF4EA /* [CP] Embed Pods Frameworks */,
				890E7AE9870C51CFCF3ADE84 /* [CP] Copy Pods Resources */,
			);
			buildRules = (
			);
			dependencies = (
			);
			name = GraduationPJ;
			productName = GraduationPJ;
			productReference = 30CF0F7A226205F9000EF837 /* GraduationPJ.app */;
			productType = "com.apple.product-type.application";
		};
/* End PBXNativeTarget section */

/* Begin PBXProject section */
		30CF0F72226205F9000EF837 /* Project object */ = {
			isa = PBXProject;
			attributes = {
				LastUpgradeCheck = 0940;
				ORGANIZATIONNAME = WTU;
				TargetAttributes = {
					30CF0F79226205F9000EF837 = {
						CreatedOnToolsVersion = 9.4.1;
						SystemCapabilities = {
							com.apple.BackgroundModes = {
								enabled = 1;
							};
							com.apple.HealthKit = {
								enabled = 0;
							};
						};
					};
				};
			};
			buildConfigurationList = 30CF0F75226205F9000EF837 /* Build configuration list for PBXProject "GraduationPJ" */;
			compatibilityVersion = "Xcode 9.3";
			developmentRegion = en;
			hasScannedForEncodings = 0;
			knownRegions = (
				en,
				Base,
			);
			mainGroup = 30CF0F71226205F9000EF837;
			productRefGroup = 30CF0F7B226205F9000EF837 /* Products */;
			projectDirPath = "";
			projectRoot = "";
			targets = (
				30CF0F79226205F9000EF837 /* GraduationPJ */,
			);
		};
/* End PBXProject section */

/* Begin PBXResourcesBuildPhase section */
		30CF0F78226205F9000EF837 /* Resources */ = {
			isa = PBXResourcesBuildPhase;
			buildActionMask = 2147483647;
			files = (
				30CF0F8A226205FB000EF837 /* LaunchScreen.storyboard in Resources */,
				04207F322275D17E00B4DF4E /* QPRunInfoView.xib in Resources */,
				3090BE4D226B22A700A6B8FC /* track.plist in Resources */,
				046D5A98227012F70096BB8E /* QPRoomView.xib in Resources */,
				30CF0F87226205FB000EF837 /* Assets.xcassets in Resources */,
				04A50DD322684F9E0089A064 /* QPAuthoritySettingViewController.xib in Resources */,
				0466B7D6226965C000094561 /* QPLoginViewController.xib in Resources */,
			);
			runOnlyForDeploymentPostprocessing = 0;
		};
/* End PBXResourcesBuildPhase section */

/* Begin PBXShellScriptBuildPhase section */
		02FC2B83F1850AF5BD4DF4EA /* [CP] Embed Pods Frameworks */ = {
			isa = PBXShellScriptBuildPhase;
			buildActionMask = 2147483647;
			files = (
			);
			inputPaths = (
			);
			name = "[CP] Embed Pods Frameworks";
			outputPaths = (
			);
			runOnlyForDeploymentPostprocessing = 0;
			shellPath = /bin/sh;
			shellScript = "\"${SRCROOT}/Pods/Target Support Files/Pods-GraduationPJ/Pods-GraduationPJ-frameworks.sh\"\n";
			showEnvVarsInLog = 0;
		};
		7D6C2CDCB622199C29D0A968 /* [CP] Check Pods Manifest.lock */ = {
			isa = PBXShellScriptBuildPhase;
			buildActionMask = 2147483647;
			files = (
			);
			inputPaths = (
			);
			name = "[CP] Check Pods Manifest.lock";
			outputPaths = (
			);
			runOnlyForDeploymentPostprocessing = 0;
			shellPath = /bin/sh;
			shellScript = "diff \"${PODS_ROOT}/../Podfile.lock\" \"${PODS_ROOT}/Manifest.lock\" > /dev/null\nif [ $? != 0 ] ; then\n    # print error to STDERR\n    echo \"error: The sandbox is not in sync with the Podfile.lock. Run 'pod install' or update your CocoaPods installation.\" >&2\n    exit 1\nfi\n";
			showEnvVarsInLog = 0;
		};
		890E7AE9870C51CFCF3ADE84 /* [CP] Copy Pods Resources */ = {
			isa = PBXShellScriptBuildPhase;
			buildActionMask = 2147483647;
			files = (
			);
			inputPaths = (
			);
			name = "[CP] Copy Pods Resources";
			outputPaths = (
			);
			runOnlyForDeploymentPostprocessing = 0;
			shellPath = /bin/sh;
			shellScript = "\"${SRCROOT}/Pods/Target Support Files/Pods-GraduationPJ/Pods-GraduationPJ-resources.sh\"\n";
			showEnvVarsInLog = 0;
		};
/* End PBXShellScriptBuildPhase section */

/* Begin PBXSourcesBuildPhase section */
		30CF0F76226205F9000EF837 /* Sources */ = {
			isa = PBXSourcesBuildPhase;
			buildActionMask = 2147483647;
			files = (
				30CF0F8D226205FB000EF837 /* main.m in Sources */,
				04B215CB2272FF0C00AD3D23 /* QPCustomMovingAnnotation.m in Sources */,
				0440DE812275AE9A009BD3BE /* QPRunManager.m in Sources */,
				04E066DC2269CCB9003C6D10 /* QPHomeViewController.m in Sources */,
				040B069A226D9D100082BCD5 /* QPNetworkManager.m in Sources */,
				04A50DC8226827ED0089A064 /* QPMainViewController.m in Sources */,
				046D5A962270004A0096BB8E /* UIView+MQ.m in Sources */,
				046D5A8D226FFDD40096BB8E /* QPInputRoomIdView.m in Sources */,
				04B0A50B22719F2300E2F240 /* UIViewController+AlertView.m in Sources */,
				04E066E62269DB40003C6D10 /* UIView+Frame.m in Sources */,
				04B215C82272FEC400AD3D23 /* QPPausableMovingAnnotation.m in Sources */,
				30D55A03226CB01F0070CE01 /* QPSocketManager.m in Sources */,
				04A50DD222684F9E0089A064 /* QPAuthoritySettingViewController.m in Sources */,
				3090BE4B226B1D0800A6B8FC /* QPMapViewCellModel.m in Sources */,
				046D5A8A226FFDB60096BB8E /* QPRoomView.m in Sources */,
				0466B7D5226965C000094561 /* QPLoginViewController.m in Sources */,
				043728B722699B6800892B38 /* QPAccount.m in Sources */,
				04E066E22269D508003C6D10 /* QPMapViewCell.m in Sources */,
				046D5A9B227042620096BB8E /* QPRoomModel.m in Sources */,
				04207F302275D17000B4DF4E /* QPRunInfoView.m in Sources */,
				30CF0F7F226205F9000EF837 /* AppDelegate.m in Sources */,
				04A50DEB226859B30089A064 /* QPHealthKitManager.m in Sources */,
				04A50DF2226874880089A064 /* QPPedometerManager.m in Sources */,
				046D5A952270004A0096BB8E /* MQVerCodeInputView.m in Sources */,
				04B215C52272E54400AD3D23 /* QPRunViewController.m in Sources */,
			);
			runOnlyForDeploymentPostprocessing = 0;
		};
/* End PBXSourcesBuildPhase section */

/* Begin PBXVariantGroup section */
		30CF0F88226205FB000EF837 /* LaunchScreen.storyboard */ = {
			isa = PBXVariantGroup;
			children = (
				30CF0F89226205FB000EF837 /* Base */,
			);
			name = LaunchScreen.storyboard;
			sourceTree = "<group>";
		};
/* End PBXVariantGroup section */

/* Begin XCBuildConfiguration section */
		30CF0F8E226205FB000EF837 /* Debug */ = {
			isa = XCBuildConfiguration;
			buildSettings = {
				ALWAYS_SEARCH_USER_PATHS = NO;
				CLANG_ANALYZER_NONNULL = YES;
				CLANG_ANALYZER_NUMBER_OBJECT_CONVERSION = YES_AGGRESSIVE;
				CLANG_CXX_LANGUAGE_STANDARD = "gnu++14";
				CLANG_CXX_LIBRARY = "libc++";
				CLANG_ENABLE_MODULES = YES;
				CLANG_ENABLE_OBJC_ARC = YES;
				CLANG_ENABLE_OBJC_WEAK = YES;
				CLANG_WARN_BLOCK_CAPTURE_AUTORELEASING = YES;
				CLANG_WARN_BOOL_CONVERSION = YES;
				CLANG_WARN_COMMA = YES;
				CLANG_WARN_CONSTANT_CONVERSION = YES;
				CLANG_WARN_DEPRECATED_OBJC_IMPLEMENTATIONS = YES;
				CLANG_WARN_DIRECT_OBJC_ISA_USAGE = YES_ERROR;
				CLANG_WARN_DOCUMENTATION_COMMENTS = YES;
				CLANG_WARN_EMPTY_BODY = YES;
				CLANG_WARN_ENUM_CONVERSION = YES;
				CLANG_WARN_INFINITE_RECURSION = YES;
				CLANG_WARN_INT_CONVERSION = YES;
				CLANG_WARN_NON_LITERAL_NULL_CONVERSION = YES;
				CLANG_WARN_OBJC_IMPLICIT_RETAIN_SELF = YES;
				CLANG_WARN_OBJC_LITERAL_CONVERSION = YES;
				CLANG_WARN_OBJC_ROOT_CLASS = YES_ERROR;
				CLANG_WARN_RANGE_LOOP_ANALYSIS = YES;
				CLANG_WARN_STRICT_PROTOTYPES = YES;
				CLANG_WARN_SUSPICIOUS_MOVE = YES;
				CLANG_WARN_UNGUARDED_AVAILABILITY = YES_AGGRESSIVE;
				CLANG_WARN_UNREACHABLE_CODE = YES;
				CLANG_WARN__DUPLICATE_METHOD_MATCH = YES;
				CODE_SIGN_IDENTITY = "iPhone Developer";
				COPY_PHASE_STRIP = NO;
				DEBUG_INFORMATION_FORMAT = dwarf;
				ENABLE_STRICT_OBJC_MSGSEND = YES;
				ENABLE_TESTABILITY = YES;
				GCC_C_LANGUAGE_STANDARD = gnu11;
				GCC_DYNAMIC_NO_PIC = NO;
				GCC_NO_COMMON_BLOCKS = YES;
				GCC_OPTIMIZATION_LEVEL = 0;
				GCC_PREPROCESSOR_DEFINITIONS = (
					"DEBUG=1",
					"$(inherited)",
				);
				GCC_WARN_64_TO_32_BIT_CONVERSION = YES;
				GCC_WARN_ABOUT_RETURN_TYPE = YES_ERROR;
				GCC_WARN_UNDECLARED_SELECTOR = YES;
				GCC_WARN_UNINITIALIZED_AUTOS = YES_AGGRESSIVE;
				GCC_WARN_UNUSED_FUNCTION = YES;
				GCC_WARN_UNUSED_VARIABLE = YES;
				IPHONEOS_DEPLOYMENT_TARGET = 11.4;
				MTL_ENABLE_DEBUG_INFO = YES;
				ONLY_ACTIVE_ARCH = YES;
				SDKROOT = iphoneos;
			};
			name = Debug;
		};
		30CF0F8F226205FB000EF837 /* Release */ = {
			isa = XCBuildConfiguration;
			buildSettings = {
				ALWAYS_SEARCH_USER_PATHS = NO;
				CLANG_ANALYZER_NONNULL = YES;
				CLANG_ANALYZER_NUMBER_OBJECT_CONVERSION = YES_AGGRESSIVE;
				CLANG_CXX_LANGUAGE_STANDARD = "gnu++14";
				CLANG_CXX_LIBRARY = "libc++";
				CLANG_ENABLE_MODULES = YES;
				CLANG_ENABLE_OBJC_ARC = YES;
				CLANG_ENABLE_OBJC_WEAK = YES;
				CLANG_WARN_BLOCK_CAPTURE_AUTORELEASING = YES;
				CLANG_WARN_BOOL_CONVERSION = YES;
				CLANG_WARN_COMMA = YES;
				CLANG_WARN_CONSTANT_CONVERSION = YES;
				CLANG_WARN_DEPRECATED_OBJC_IMPLEMENTATIONS = YES;
				CLANG_WARN_DIRECT_OBJC_ISA_USAGE = YES_ERROR;
				CLANG_WARN_DOCUMENTATION_COMMENTS = YES;
				CLANG_WARN_EMPTY_BODY = YES;
				CLANG_WARN_ENUM_CONVERSION = YES;
				CLANG_WARN_INFINITE_RECURSION = YES;
				CLANG_WARN_INT_CONVERSION = YES;
				CLANG_WARN_NON_LITERAL_NULL_CONVERSION = YES;
				CLANG_WARN_OBJC_IMPLICIT_RETAIN_SELF = YES;
				CLANG_WARN_OBJC_LITERAL_CONVERSION = YES;
				CLANG_WARN_OBJC_ROOT_CLASS = YES_ERROR;
				CLANG_WARN_RANGE_LOOP_ANALYSIS = YES;
				CLANG_WARN_STRICT_PROTOTYPES = YES;
				CLANG_WARN_SUSPICIOUS_MOVE = YES;
				CLANG_WARN_UNGUARDED_AVAILABILITY = YES_AGGRESSIVE;
				CLANG_WARN_UNREACHABLE_CODE = YES;
				CLANG_WARN__DUPLICATE_METHOD_MATCH = YES;
				CODE_SIGN_IDENTITY = "iPhone Developer";
				COPY_PHASE_STRIP = NO;
				DEBUG_INFORMATION_FORMAT = "dwarf-with-dsym";
				ENABLE_NS_ASSERTIONS = NO;
				ENABLE_STRICT_OBJC_MSGSEND = YES;
				GCC_C_LANGUAGE_STANDARD = gnu11;
				GCC_NO_COMMON_BLOCKS = YES;
				GCC_WARN_64_TO_32_BIT_CONVERSION = YES;
				GCC_WARN_ABOUT_RETURN_TYPE = YES_ERROR;
				GCC_WARN_UNDECLARED_SELECTOR = YES;
				GCC_WARN_UNINITIALIZED_AUTOS = YES_AGGRESSIVE;
				GCC_WARN_UNUSED_FUNCTION = YES;
				GCC_WARN_UNUSED_VARIABLE = YES;
				IPHONEOS_DEPLOYMENT_TARGET = 11.4;
				MTL_ENABLE_DEBUG_INFO = NO;
				SDKROOT = iphoneos;
				VALIDATE_PRODUCT = YES;
			};
			name = Release;
		};
		30CF0F91226205FB000EF837 /* Debug */ = {
			isa = XCBuildConfiguration;
			baseConfigurationReference = BE3389279DB92CEE0AB001C1 /* Pods-GraduationPJ.debug.xcconfig */;
			buildSettings = {
				ASSETCATALOG_COMPILER_APPICON_NAME = AppIcon;
				CODE_SIGN_STYLE = Automatic;
				DEVELOPMENT_TEAM = FWB8K4P328;
				FRAMEWORK_SEARCH_PATHS = (
					"$(inherited)",
					"$(PROJECT_DIR)/GraduationPJ",
					"$(PROJECT_DIR)/GraduationPJ/Config",
					"$(PROJECT_DIR)/GraduationPJ/Vendors",
				);
				GCC_PRECOMPILE_PREFIX_HEADER = YES;
				GCC_PREFIX_HEADER = GraduationPJ/Config/PrefixHeader.pch;
				INFOPLIST_FILE = "$(SRCROOT)/GraduationPJ/AppEntry/Info.plist";
				LD_RUNPATH_SEARCH_PATHS = (
					"$(inherited)",
					"@executable_path/Frameworks",
				);
				PRODUCT_BUNDLE_IDENTIFIER = com.11502.wtu.GraduationPJ;
				PRODUCT_NAME = "$(TARGET_NAME)";
				TARGETED_DEVICE_FAMILY = "1,2";
			};
			name = Debug;
		};
		30CF0F92226205FB000EF837 /* Release */ = {
			isa = XCBuildConfiguration;
			baseConfigurationReference = 16FA8F86D48141B8901090EB /* Pods-GraduationPJ.release.xcconfig */;
			buildSettings = {
				ASSETCATALOG_COMPILER_APPICON_NAME = AppIcon;
				CODE_SIGN_STYLE = Automatic;
				DEVELOPMENT_TEAM = FWB8K4P328;
				FRAMEWORK_SEARCH_PATHS = (
					"$(inherited)",
					"$(PROJECT_DIR)/GraduationPJ",
					"$(PROJECT_DIR)/GraduationPJ/Config",
					"$(PROJECT_DIR)/GraduationPJ/Vendors",
				);
				GCC_PRECOMPILE_PREFIX_HEADER = YES;
				GCC_PREFIX_HEADER = GraduationPJ/Config/PrefixHeader.pch;
				INFOPLIST_FILE = "$(SRCROOT)/GraduationPJ/AppEntry/Info.plist";
				LD_RUNPATH_SEARCH_PATHS = (
					"$(inherited)",
					"@executable_path/Frameworks",
				);
				PRODUCT_BUNDLE_IDENTIFIER = com.11502.wtu.GraduationPJ;
				PRODUCT_NAME = "$(TARGET_NAME)";
				TARGETED_DEVICE_FAMILY = "1,2";
			};
			name = Release;
		};
/* End XCBuildConfiguration section */

/* Begin XCConfigurationList section */
		30CF0F75226205F9000EF837 /* Build configuration list for PBXProject "GraduationPJ" */ = {
			isa = XCConfigurationList;
			buildConfigurations = (
				30CF0F8E226205FB000EF837 /* Debug */,
				30CF0F8F226205FB000EF837 /* Release */,
			);
			defaultConfigurationIsVisible = 0;
			defaultConfigurationName = Release;
		};
		30CF0F90226205FB000EF837 /* Build configuration list for PBXNativeTarget "GraduationPJ" */ = {
			isa = XCConfigurationList;
			buildConfigurations = (
				30CF0F91226205FB000EF837 /* Debug */,
				30CF0F92226205FB000EF837 /* Release */,
			);
			defaultConfigurationIsVisible = 0;
			defaultConfigurationName = Release;
		};
/* End XCConfigurationList section */
	};
	rootObject = 30CF0F72226205F9000EF837 /* Project object */;
}
